[[package]]
name = "numpy"
version = "1.24.1"
description = "Fundamental package for array computing in Python"
category = "main"
optional = false
python-versions = ">=3.8"

[metadata]
lock-version = "1.1"
python-versions = "^3.11"
content-hash = "e66c88295edd2cee39cc299f668e93fd71b5aa29344f06d29f5b94b6f07d657b"

[metadata.files]
numpy = []
